
Microsoft Visual Studio Solution File, Format Version 12.00
# Visual Studio Version 17
VisualStudioVersion = 17.1.32319.34
MinimumVisualStudioVersion = 10.0.40219.1
Project("{FAE04EC0-301F-11D3-BF4B-00C04F79EFBC}") = "Count Occurrence Search Algorithm", "Count Occurrence Search Algorithm\Count Occurrence Search Algorithm.csproj", "{7EC909BD-B622-439E-9719-390A99DEC08B}"
EndProject
Global
	GlobalSection(SolutionConfigurationPlatforms) = preSolution
		Debug|Any CPU = Debug|Any CPU
		Release|Any CPU = Release|Any CPU
	EndGlobalSection
	GlobalSection(ProjectConfigurationPlatforms) = postSolution
		{7EC909BD-B622-439E-9719-390A99DEC08B}.Debug|Any CPU.ActiveCfg = Debug|Any CPU
		{7EC909BD-B622-439E-9719-390A99DEC08B}.Debug|Any CPU.Build.0 = Debug|Any CPU
		{7EC909BD-B622-439E-9719-390A99DEC08B}.Release|Any CPU.ActiveCfg = Release|Any CPU
		{7EC909BD-B622-439E-9719-390A99DEC08B}.Release|Any CPU.Build.0 = Release|Any CPU
	EndGlobalSection
	GlobalSection(SolutionProperties) = preSolution
		HideSolutionNode = FALSE
	EndGlobalSection
	GlobalSection(ExtensibilityGlobals) = postSolution
		SolutionGuid = {7BB6E5AB-F247-4261-962B-42E647B3556E}
	EndGlobalSection
EndGlobal
